
Microsoft Visual Studio Solution File, Format Version 12.00
# Visual Studio Version 17
VisualStudioVersion = 17.11.35303.130
MinimumVisualStudioVersion = 10.0.40219.1
Project("{FAE04EC0-301F-11D3-BF4B-00C04F79EFBC}") = "bb23028_MD1", "bb23028_MD1\bb23028_MD1.csproj", "{EA3C031F-7CFC-4700-8505-D045EF92F8C0}"
EndProject
Project("{FAE04EC0-301F-11D3-BF4B-00C04F79EFBC}") = "MD5Neobligatais_UnitTesting", "MD5Neobligatais_UnitTesting\MD5Neobligatais_UnitTesting.csproj", "{7AB42F1E-80DB-48A4-B12A-7B2B19C7DD49}"
EndProject
Global
	GlobalSection(SolutionConfigurationPlatforms) = preSolution
		Debug|Any CPU = Debug|Any CPU
		Release|Any CPU = Release|Any CPU
	EndGlobalSection
	GlobalSection(ProjectConfigurationPlatforms) = postSolution
		{EA3C031F-7CFC-4700-8505-D045EF92F8C0}.Debug|Any CPU.ActiveCfg = Debug|Any CPU
		{EA3C031F-7CFC-4700-8505-D045EF92F8C0}.Debug|Any CPU.Build.0 = Debug|Any CPU
		{EA3C031F-7CFC-4700-8505-D045EF92F8C0}.Release|Any CPU.ActiveCfg = Release|Any CPU
		{EA3C031F-7CFC-4700-8505-D045EF92F8C0}.Release|Any CPU.Build.0 = Release|Any CPU
<<<<<<< Updated upstream
=======
		{7466A0E9-B285-4D4A-A16B-4FB9018E586C}.Debug|Any CPU.ActiveCfg = Debug|Any CPU
		{7466A0E9-B285-4D4A-A16B-4FB9018E586C}.Debug|Any CPU.Build.0 = Debug|Any CPU
		{7466A0E9-B285-4D4A-A16B-4FB9018E586C}.Debug|Any CPU.Deploy.0 = Debug|Any CPU
		{7466A0E9-B285-4D4A-A16B-4FB9018E586C}.Release|Any CPU.ActiveCfg = Release|Any CPU
		{7466A0E9-B285-4D4A-A16B-4FB9018E586C}.Release|Any CPU.Build.0 = Release|Any CPU
		{7466A0E9-B285-4D4A-A16B-4FB9018E586C}.Release|Any CPU.Deploy.0 = Release|Any CPU
		{7AB42F1E-80DB-48A4-B12A-7B2B19C7DD49}.Debug|Any CPU.ActiveCfg = Debug|Any CPU
		{7AB42F1E-80DB-48A4-B12A-7B2B19C7DD49}.Debug|Any CPU.Build.0 = Debug|Any CPU
		{7AB42F1E-80DB-48A4-B12A-7B2B19C7DD49}.Release|Any CPU.ActiveCfg = Release|Any CPU
		{7AB42F1E-80DB-48A4-B12A-7B2B19C7DD49}.Release|Any CPU.Build.0 = Release|Any CPU
>>>>>>> Stashed changes
	EndGlobalSection
	GlobalSection(SolutionProperties) = preSolution
		HideSolutionNode = FALSE
	EndGlobalSection
	GlobalSection(ExtensibilityGlobals) = postSolution
		SolutionGuid = {AB8E725D-A5E8-4EF4-BD55-602C7C282A19}
	EndGlobalSection
EndGlobal
